
Microsoft Visual Studio Solution File, Format Version 12.00
# Visual Studio Version 17
VisualStudioVersion = 17.0.32014.148
MinimumVisualStudioVersion = 10.0.40219.1
Project("{8BC9CEB8-8B4A-11D0-8D11-00A0C91BC942}") = "Client_First", "Client_First\Client_First.vcxproj", "{D7E05588-D4A8-45B8-82D5-2276FDC72CEA}"
EndProject
Project("{8BC9CEB8-8B4A-11D0-8D11-00A0C91BC942}") = "Variables", "Variables\Variables.vcxproj", "{4959030A-F5F6-4B59-86AC-D68EDBFDDB32}"
EndProject
Project("{8BC9CEB8-8B4A-11D0-8D11-00A0C91BC942}") = "Constant_First", "Constant_First\Constant_First.vcxproj", "{9B4A507C-820A-4DA1-9B97-CDD22CDC2D52}"
EndProject
Project("{8BC9CEB8-8B4A-11D0-8D11-00A0C91BC942}") = "main", "main\main.vcxproj", "{E5E05773-9D44-4522-A783-CD2728C04B66}"
EndProject
Project("{8BC9CEB8-8B4A-11D0-8D11-00A0C91BC942}") = "OutputFunction_scanf", "OutputFunction_scanf\OutputFunction_scanf.vcxproj", "{53EF7BA4-525F-4D7A-8A34-E330DBEAA2B6}"
EndProject
Project("{8BC9CEB8-8B4A-11D0-8D11-00A0C91BC942}") = "Operator", "Operator\Operator.vcxproj", "{99AF2655-7620-48E2-8826-2F6E76D230C7}"
EndProject
Project("{8BC9CEB8-8B4A-11D0-8D11-00A0C91BC942}") = "ControlStatement_if", "ControlStatement_if\ControlStatement_if.vcxproj", "{BFE8FB1C-02A7-40DC-9922-0974090AFE09}"
EndProject
Project("{8BC9CEB8-8B4A-11D0-8D11-00A0C91BC942}") = "ControlStatement_switch", "ControlStatement_switch\ControlStatement_switch.vcxproj", "{25787400-27D9-4CBA-9FF2-53AE3924BAD3}"
EndProject
Project("{8BC9CEB8-8B4A-11D0-8D11-00A0C91BC942}") = "ControlStatement_while", "Project1\Project1.vcxproj", "{3D62812D-C30E-4A04-AC4B-86DE0E83FB91}"
EndProject
Project("{8BC9CEB8-8B4A-11D0-8D11-00A0C91BC942}") = "ControlStatement_Loop_for", "ControlStatement_Loop_for\ControlStatement_Loop_for.vcxproj", "{A38BF7ED-9CD9-442E-9E78-1666D86C2688}"
EndProject
Project("{8BC9CEB8-8B4A-11D0-8D11-00A0C91BC942}") = "Function", "Function\Function.vcxproj", "{1D046393-2C33-4A8E-866F-9C89F8928F07}"
EndProject
Project("{8BC9CEB8-8B4A-11D0-8D11-00A0C91BC942}") = "Calculate", "Calculate\Calculate.vcxproj", "{1690843E-5938-4C34-AB11-4E9F5A38D758}"
EndProject
Project("{8BC9CEB8-8B4A-11D0-8D11-00A0C91BC942}") = "Pointer", "Pointer\Pointer.vcxproj", "{1B32EC2D-AEEB-4BAF-823C-2C9C74C1548E}"
EndProject
Project("{8BC9CEB8-8B4A-11D0-8D11-00A0C91BC942}") = "PointerAndArray", "PointerAndArray\PointerAndArray.vcxproj", "{463F5284-9B15-4D41-9F65-881DDB128B0C}"
EndProject
Project("{8BC9CEB8-8B4A-11D0-8D11-00A0C91BC942}") = "DoublePointer", "DoublePointer\DoublePointer.vcxproj", "{FE9663A4-7FA3-43F0-824A-24DDC4C44664}"
EndProject
Project("{8BC9CEB8-8B4A-11D0-8D11-00A0C91BC942}") = "FunctionPointer", "FunctionPointer\FunctionPointer.vcxproj", "{6A95615B-50A9-4C6F-A806-5A2C728D6FA9}"
EndProject
Project("{8BC9CEB8-8B4A-11D0-8D11-00A0C91BC942}") = "TypeDefine", "TypeDefine\TypeDefine.vcxproj", "{2CCBAF14-0C6E-4435-A83B-57BC640963B2}"
EndProject
Project("{8BC9CEB8-8B4A-11D0-8D11-00A0C91BC942}") = "Structure", "Structure\Structure.vcxproj", "{7A520848-6B93-44B3-B9E6-88461A474F74}"
EndProject
Project("{8BC9CEB8-8B4A-11D0-8D11-00A0C91BC942}") = "Union", "Union\Union.vcxproj", "{9E935880-3028-46C1-9E02-008D419F4314}"
EndProject
Project("{8BC9CEB8-8B4A-11D0-8D11-00A0C91BC942}") = "Enum", "Enum\Enum.vcxproj", "{73C4F7AC-A8B3-4540-AA58-D7AEC5CB4B25}"
EndProject
Project("{8BC9CEB8-8B4A-11D0-8D11-00A0C91BC942}") = "DynamicMemory", "DynamicMemory\DynamicMemory.vcxproj", "{08487345-0C3A-42B1-A43E-6FDC41D6189E}"
EndProject
Global
	GlobalSection(SolutionConfigurationPlatforms) = preSolution
		Debug|x64 = Debug|x64
		Debug|x86 = Debug|x86
		Release|x64 = Release|x64
		Release|x86 = Release|x86
	EndGlobalSection
	GlobalSection(ProjectConfigurationPlatforms) = postSolution
		{D7E05588-D4A8-45B8-82D5-2276FDC72CEA}.Debug|x64.ActiveCfg = Debug|x64
		{D7E05588-D4A8-45B8-82D5-2276FDC72CEA}.Debug|x64.Build.0 = Debug|x64
		{D7E05588-D4A8-45B8-82D5-2276FDC72CEA}.Debug|x86.ActiveCfg = Debug|Win32
		{D7E05588-D4A8-45B8-82D5-2276FDC72CEA}.Debug|x86.Build.0 = Debug|Win32
		{D7E05588-D4A8-45B8-82D5-2276FDC72CEA}.Release|x64.ActiveCfg = Release|x64
		{D7E05588-D4A8-45B8-82D5-2276FDC72CEA}.Release|x64.Build.0 = Release|x64
		{D7E05588-D4A8-45B8-82D5-2276FDC72CEA}.Release|x86.ActiveCfg = Release|Win32
		{D7E05588-D4A8-45B8-82D5-2276FDC72CEA}.Release|x86.Build.0 = Release|Win32
		{4959030A-F5F6-4B59-86AC-D68EDBFDDB32}.Debug|x64.ActiveCfg = Debug|x64
		{4959030A-F5F6-4B59-86AC-D68EDBFDDB32}.Debug|x64.Build.0 = Debug|x64
		{4959030A-F5F6-4B59-86AC-D68EDBFDDB32}.Debug|x86.ActiveCfg = Debug|Win32
		{4959030A-F5F6-4B59-86AC-D68EDBFDDB32}.Debug|x86.Build.0 = Debug|Win32
		{4959030A-F5F6-4B59-86AC-D68EDBFDDB32}.Release|x64.ActiveCfg = Release|x64
		{4959030A-F5F6-4B59-86AC-D68EDBFDDB32}.Release|x64.Build.0 = Release|x64
		{4959030A-F5F6-4B59-86AC-D68EDBFDDB32}.Release|x86.ActiveCfg = Release|Win32
		{4959030A-F5F6-4B59-86AC-D68EDBFDDB32}.Release|x86.Build.0 = Release|Win32
		{9B4A507C-820A-4DA1-9B97-CDD22CDC2D52}.Debug|x64.ActiveCfg = Debug|x64
		{9B4A507C-820A-4DA1-9B97-CDD22CDC2D52}.Debug|x64.Build.0 = Debug|x64
		{9B4A507C-820A-4DA1-9B97-CDD22CDC2D52}.Debug|x86.ActiveCfg = Debug|Win32
		{9B4A507C-820A-4DA1-9B97-CDD22CDC2D52}.Debug|x86.Build.0 = Debug|Win32
		{9B4A507C-820A-4DA1-9B97-CDD22CDC2D52}.Release|x64.ActiveCfg = Release|x64
		{9B4A507C-820A-4DA1-9B97-CDD22CDC2D52}.Release|x64.Build.0 = Release|x64
		{9B4A507C-820A-4DA1-9B97-CDD22CDC2D52}.Release|x86.ActiveCfg = Release|Win32
		{9B4A507C-820A-4DA1-9B97-CDD22CDC2D52}.Release|x86.Build.0 = Release|Win32
		{E5E05773-9D44-4522-A783-CD2728C04B66}.Debug|x64.ActiveCfg = Debug|x64
		{E5E05773-9D44-4522-A783-CD2728C04B66}.Debug|x64.Build.0 = Debug|x64
		{E5E05773-9D44-4522-A783-CD2728C04B66}.Debug|x86.ActiveCfg = Debug|Win32
		{E5E05773-9D44-4522-A783-CD2728C04B66}.Debug|x86.Build.0 = Debug|Win32
		{E5E05773-9D44-4522-A783-CD2728C04B66}.Release|x64.ActiveCfg = Release|x64
		{E5E05773-9D44-4522-A783-CD2728C04B66}.Release|x64.Build.0 = Release|x64
		{E5E05773-9D44-4522-A783-CD2728C04B66}.Release|x86.ActiveCfg = Release|Win32
		{E5E05773-9D44-4522-A783-CD2728C04B66}.Release|x86.Build.0 = Release|Win32
		{53EF7BA4-525F-4D7A-8A34-E330DBEAA2B6}.Debug|x64.ActiveCfg = Debug|x64
		{53EF7BA4-525F-4D7A-8A34-E330DBEAA2B6}.Debug|x64.Build.0 = Debug|x64
		{53EF7BA4-525F-4D7A-8A34-E330DBEAA2B6}.Debug|x86.ActiveCfg = Debug|Win32
		{53EF7BA4-525F-4D7A-8A34-E330DBEAA2B6}.Debug|x86.Build.0 = Debug|Win32
		{53EF7BA4-525F-4D7A-8A34-E330DBEAA2B6}.Release|x64.ActiveCfg = Release|x64
		{53EF7BA4-525F-4D7A-8A34-E330DBEAA2B6}.Release|x64.Build.0 = Release|x64
		{53EF7BA4-525F-4D7A-8A34-E330DBEAA2B6}.Release|x86.ActiveCfg = Release|Win32
		{53EF7BA4-525F-4D7A-8A34-E330DBEAA2B6}.Release|x86.Build.0 = Release|Win32
		{99AF2655-7620-48E2-8826-2F6E76D230C7}.Debug|x64.ActiveCfg = Debug|x64
		{99AF2655-7620-48E2-8826-2F6E76D230C7}.Debug|x64.Build.0 = Debug|x64
		{99AF2655-7620-48E2-8826-2F6E76D230C7}.Debug|x86.ActiveCfg = Debug|Win32
		{99AF2655-7620-48E2-8826-2F6E76D230C7}.Debug|x86.Build.0 = Debug|Win32
		{99AF2655-7620-48E2-8826-2F6E76D230C7}.Release|x64.ActiveCfg = Release|x64
		{99AF2655-7620-48E2-8826-2F6E76D230C7}.Release|x64.Build.0 = Release|x64
		{99AF2655-7620-48E2-8826-2F6E76D230C7}.Release|x86.ActiveCfg = Release|Win32
		{99AF2655-7620-48E2-8826-2F6E76D230C7}.Release|x86.Build.0 = Release|Win32
		{BFE8FB1C-02A7-40DC-9922-0974090AFE09}.Debug|x64.ActiveCfg = Debug|x64
		{BFE8FB1C-02A7-40DC-9922-0974090AFE09}.Debug|x64.Build.0 = Debug|x64
		{BFE8FB1C-02A7-40DC-9922-0974090AFE09}.Debug|x86.ActiveCfg = Debug|Win32
		{BFE8FB1C-02A7-40DC-9922-0974090AFE09}.Debug|x86.Build.0 = Debug|Win32
		{BFE8FB1C-02A7-40DC-9922-0974090AFE09}.Release|x64.ActiveCfg = Release|x64
		{BFE8FB1C-02A7-40DC-9922-0974090AFE09}.Release|x64.Build.0 = Release|x64
		{BFE8FB1C-02A7-40DC-9922-0974090AFE09}.Release|x86.ActiveCfg = Release|Win32
		{BFE8FB1C-02A7-40DC-9922-0974090AFE09}.Release|x86.Build.0 = Release|Win32
		{25787400-27D9-4CBA-9FF2-53AE3924BAD3}.Debug|x64.ActiveCfg = Debug|x64
		{25787400-27D9-4CBA-9FF2-53AE3924BAD3}.Debug|x64.Build.0 = Debug|x64
		{25787400-27D9-4CBA-9FF2-53AE3924BAD3}.Debug|x86.ActiveCfg = Debug|Win32
		{25787400-27D9-4CBA-9FF2-53AE3924BAD3}.Debug|x86.Build.0 = Debug|Win32
		{25787400-27D9-4CBA-9FF2-53AE3924BAD3}.Release|x64.ActiveCfg = Release|x64
		{25787400-27D9-4CBA-9FF2-53AE3924BAD3}.Release|x64.Build.0 = Release|x64
		{25787400-27D9-4CBA-9FF2-53AE3924BAD3}.Release|x86.ActiveCfg = Release|Win32
		{25787400-27D9-4CBA-9FF2-53AE3924BAD3}.Release|x86.Build.0 = Release|Win32
		{3D62812D-C30E-4A04-AC4B-86DE0E83FB91}.Debug|x64.ActiveCfg = Debug|x64
		{3D62812D-C30E-4A04-AC4B-86DE0E83FB91}.Debug|x64.Build.0 = Debug|x64
		{3D62812D-C30E-4A04-AC4B-86DE0E83FB91}.Debug|x86.ActiveCfg = Debug|Win32
		{3D62812D-C30E-4A04-AC4B-86DE0E83FB91}.Debug|x86.Build.0 = Debug|Win32
		{3D62812D-C30E-4A04-AC4B-86DE0E83FB91}.Release|x64.ActiveCfg = Release|x64
		{3D62812D-C30E-4A04-AC4B-86DE0E83FB91}.Release|x64.Build.0 = Release|x64
		{3D62812D-C30E-4A04-AC4B-86DE0E83FB91}.Release|x86.ActiveCfg = Release|Win32
		{3D62812D-C30E-4A04-AC4B-86DE0E83FB91}.Release|x86.Build.0 = Release|Win32
		{A38BF7ED-9CD9-442E-9E78-1666D86C2688}.Debug|x64.ActiveCfg = Debug|x64
		{A38BF7ED-9CD9-442E-9E78-1666D86C2688}.Debug|x64.Build.0 = Debug|x64
		{A38BF7ED-9CD9-442E-9E78-1666D86C2688}.Debug|x86.ActiveCfg = Debug|Win32
		{A38BF7ED-9CD9-442E-9E78-1666D86C2688}.Debug|x86.Build.0 = Debug|Win32
		{A38BF7ED-9CD9-442E-9E78-1666D86C2688}.Release|x64.ActiveCfg = Release|x64
		{A38BF7ED-9CD9-442E-9E78-1666D86C2688}.Release|x64.Build.0 = Release|x64
		{A38BF7ED-9CD9-442E-9E78-1666D86C2688}.Release|x86.ActiveCfg = Release|Win32
		{A38BF7ED-9CD9-442E-9E78-1666D86C2688}.Release|x86.Build.0 = Release|Win32
		{1D046393-2C33-4A8E-866F-9C89F8928F07}.Debug|x64.ActiveCfg = Debug|x64
		{1D046393-2C33-4A8E-866F-9C89F8928F07}.Debug|x64.Build.0 = Debug|x64
		{1D046393-2C33-4A8E-866F-9C89F8928F07}.Debug|x86.ActiveCfg = Debug|Win32
		{1D046393-2C33-4A8E-866F-9C89F8928F07}.Debug|x86.Build.0 = Debug|Win32
		{1D046393-2C33-4A8E-866F-9C89F8928F07}.Release|x64.ActiveCfg = Release|x64
		{1D046393-2C33-4A8E-866F-9C89F8928F07}.Release|x64.Build.0 = Release|x64
		{1D046393-2C33-4A8E-866F-9C89F8928F07}.Release|x86.ActiveCfg = Release|Win32
		{1D046393-2C33-4A8E-866F-9C89F8928F07}.Release|x86.Build.0 = Release|Win32
		{1690843E-5938-4C34-AB11-4E9F5A38D758}.Debug|x64.ActiveCfg = Debug|x64
		{1690843E-5938-4C34-AB11-4E9F5A38D758}.Debug|x64.Build.0 = Debug|x64
		{1690843E-5938-4C34-AB11-4E9F5A38D758}.Debug|x86.ActiveCfg = Debug|Win32
		{1690843E-5938-4C34-AB11-4E9F5A38D758}.Debug|x86.Build.0 = Debug|Win32
		{1690843E-5938-4C34-AB11-4E9F5A38D758}.Release|x64.ActiveCfg = Release|x64
		{1690843E-5938-4C34-AB11-4E9F5A38D758}.Release|x64.Build.0 = Release|x64
		{1690843E-5938-4C34-AB11-4E9F5A38D758}.Release|x86.ActiveCfg = Release|Win32
		{1690843E-5938-4C34-AB11-4E9F5A38D758}.Release|x86.Build.0 = Release|Win32
		{1B32EC2D-AEEB-4BAF-823C-2C9C74C1548E}.Debug|x64.ActiveCfg = Debug|x64
		{1B32EC2D-AEEB-4BAF-823C-2C9C74C1548E}.Debug|x64.Build.0 = Debug|x64
		{1B32EC2D-AEEB-4BAF-823C-2C9C74C1548E}.Debug|x86.ActiveCfg = Debug|Win32
		{1B32EC2D-AEEB-4BAF-823C-2C9C74C1548E}.Debug|x86.Build.0 = Debug|Win32
		{1B32EC2D-AEEB-4BAF-823C-2C9C74C1548E}.Release|x64.ActiveCfg = Release|x64
		{1B32EC2D-AEEB-4BAF-823C-2C9C74C1548E}.Release|x64.Build.0 = Release|x64
		{1B32EC2D-AEEB-4BAF-823C-2C9C74C1548E}.Release|x86.ActiveCfg = Release|Win32
		{1B32EC2D-AEEB-4BAF-823C-2C9C74C1548E}.Release|x86.Build.0 = Release|Win32
		{463F5284-9B15-4D41-9F65-881DDB128B0C}.Debug|x64.ActiveCfg = Debug|x64
		{463F5284-9B15-4D41-9F65-881DDB128B0C}.Debug|x64.Build.0 = Debug|x64
		{463F5284-9B15-4D41-9F65-881DDB128B0C}.Debug|x86.ActiveCfg = Debug|Win32
		{463F5284-9B15-4D41-9F65-881DDB128B0C}.Debug|x86.Build.0 = Debug|Win32
		{463F5284-9B15-4D41-9F65-881DDB128B0C}.Release|x64.ActiveCfg = Release|x64
		{463F5284-9B15-4D41-9F65-881DDB128B0C}.Release|x64.Build.0 = Release|x64
		{463F5284-9B15-4D41-9F65-881DDB128B0C}.Release|x86.ActiveCfg = Release|Win32
		{463F5284-9B15-4D41-9F65-881DDB128B0C}.Release|x86.Build.0 = Release|Win32
		{FE9663A4-7FA3-43F0-824A-24DDC4C44664}.Debug|x64.ActiveCfg = Debug|x64
		{FE9663A4-7FA3-43F0-824A-24DDC4C44664}.Debug|x64.Build.0 = Debug|x64
		{FE9663A4-7FA3-43F0-824A-24DDC4C44664}.Debug|x86.ActiveCfg = Debug|Win32
		{FE9663A4-7FA3-43F0-824A-24DDC4C44664}.Debug|x86.Build.0 = Debug|Win32
		{FE9663A4-7FA3-43F0-824A-24DDC4C44664}.Release|x64.ActiveCfg = Release|x64
		{FE9663A4-7FA3-43F0-824A-24DDC4C44664}.Release|x64.Build.0 = Release|x64
		{FE9663A4-7FA3-43F0-824A-24DDC4C44664}.Release|x86.ActiveCfg = Release|Win32
		{FE9663A4-7FA3-43F0-824A-24DDC4C44664}.Release|x86.Build.0 = Release|Win32
		{6A95615B-50A9-4C6F-A806-5A2C728D6FA9}.Debug|x64.ActiveCfg = Debug|x64
		{6A95615B-50A9-4C6F-A806-5A2C728D6FA9}.Debug|x64.Build.0 = Debug|x64
		{6A95615B-50A9-4C6F-A806-5A2C728D6FA9}.Debug|x86.ActiveCfg = Debug|Win32
		{6A95615B-50A9-4C6F-A806-5A2C728D6FA9}.Debug|x86.Build.0 = Debug|Win32
		{6A95615B-50A9-4C6F-A806-5A2C728D6FA9}.Release|x64.ActiveCfg = Release|x64
		{6A95615B-50A9-4C6F-A806-5A2C728D6FA9}.Release|x64.Build.0 = Release|x64
		{6A95615B-50A9-4C6F-A806-5A2C728D6FA9}.Release|x86.ActiveCfg = Release|Win32
		{6A95615B-50A9-4C6F-A806-5A2C728D6FA9}.Release|x86.Build.0 = Release|Win32
		{2CCBAF14-0C6E-4435-A83B-57BC640963B2}.Debug|x64.ActiveCfg = Debug|x64
		{2CCBAF14-0C6E-4435-A83B-57BC640963B2}.Debug|x64.Build.0 = Debug|x64
		{2CCBAF14-0C6E-4435-A83B-57BC640963B2}.Debug|x86.ActiveCfg = Debug|Win32
		{2CCBAF14-0C6E-4435-A83B-57BC640963B2}.Debug|x86.Build.0 = Debug|Win32
		{2CCBAF14-0C6E-4435-A83B-57BC640963B2}.Release|x64.ActiveCfg = Release|x64
		{2CCBAF14-0C6E-4435-A83B-57BC640963B2}.Release|x64.Build.0 = Release|x64
		{2CCBAF14-0C6E-4435-A83B-57BC640963B2}.Release|x86.ActiveCfg = Release|Win32
		{2CCBAF14-0C6E-4435-A83B-57BC640963B2}.Release|x86.Build.0 = Release|Win32
		{7A520848-6B93-44B3-B9E6-88461A474F74}.Debug|x64.ActiveCfg = Debug|x64
		{7A520848-6B93-44B3-B9E6-88461A474F74}.Debug|x64.Build.0 = Debug|x64
		{7A520848-6B93-44B3-B9E6-88461A474F74}.Debug|x86.ActiveCfg = Debug|Win32
		{7A520848-6B93-44B3-B9E6-88461A474F74}.Debug|x86.Build.0 = Debug|Win32
		{7A520848-6B93-44B3-B9E6-88461A474F74}.Release|x64.ActiveCfg = Release|x64
		{7A520848-6B93-44B3-B9E6-88461A474F74}.Release|x64.Build.0 = Release|x64
		{7A520848-6B93-44B3-B9E6-88461A474F74}.Release|x86.ActiveCfg = Release|Win32
		{7A520848-6B93-44B3-B9E6-88461A474F74}.Release|x86.Build.0 = Release|Win32
		{9E935880-3028-46C1-9E02-008D419F4314}.Debug|x64.ActiveCfg = Debug|x64
		{9E935880-3028-46C1-9E02-008D419F4314}.Debug|x64.Build.0 = Debug|x64
		{9E935880-3028-46C1-9E02-008D419F4314}.Debug|x86.ActiveCfg = Debug|Win32
		{9E935880-3028-46C1-9E02-008D419F4314}.Debug|x86.Build.0 = Debug|Win32
		{9E935880-3028-46C1-9E02-008D419F4314}.Release|x64.ActiveCfg = Release|x64
		{9E935880-3028-46C1-9E02-008D419F4314}.Release|x64.Build.0 = Release|x64
		{9E935880-3028-46C1-9E02-008D419F4314}.Release|x86.ActiveCfg = Release|Win32
		{9E935880-3028-46C1-9E02-008D419F4314}.Release|x86.Build.0 = Release|Win32
		{73C4F7AC-A8B3-4540-AA58-D7AEC5CB4B25}.Debug|x64.ActiveCfg = Debug|x64
		{73C4F7AC-A8B3-4540-AA58-D7AEC5CB4B25}.Debug|x64.Build.0 = Debug|x64
		{73C4F7AC-A8B3-4540-AA58-D7AEC5CB4B25}.Debug|x86.ActiveCfg = Debug|Win32
		{73C4F7AC-A8B3-4540-AA58-D7AEC5CB4B25}.Debug|x86.Build.0 = Debug|Win32
		{73C4F7AC-A8B3-4540-AA58-D7AEC5CB4B25}.Release|x64.ActiveCfg = Release|x64
		{73C4F7AC-A8B3-4540-AA58-D7AEC5CB4B25}.Release|x64.Build.0 = Release|x64
		{73C4F7AC-A8B3-4540-AA58-D7AEC5CB4B25}.Release|x86.ActiveCfg = Release|Win32
		{73C4F7AC-A8B3-4540-AA58-D7AEC5CB4B25}.Release|x86.Build.0 = Release|Win32
		{08487345-0C3A-42B1-A43E-6FDC41D6189E}.Debug|x64.ActiveCfg = Debug|x64
		{08487345-0C3A-42B1-A43E-6FDC41D6189E}.Debug|x64.Build.0 = Debug|x64
		{08487345-0C3A-42B1-A43E-6FDC41D6189E}.Debug|x86.ActiveCfg = Debug|Win32
		{08487345-0C3A-42B1-A43E-6FDC41D6189E}.Debug|x86.Build.0 = Debug|Win32
		{08487345-0C3A-42B1-A43E-6FDC41D6189E}.Release|x64.ActiveCfg = Release|x64
		{08487345-0C3A-42B1-A43E-6FDC41D6189E}.Release|x64.Build.0 = Release|x64
		{08487345-0C3A-42B1-A43E-6FDC41D6189E}.Release|x86.ActiveCfg = Release|Win32
		{08487345-0C3A-42B1-A43E-6FDC41D6189E}.Release|x86.Build.0 = Release|Win32
	EndGlobalSection
	GlobalSection(SolutionProperties) = preSolution
		HideSolutionNode = FALSE
	EndGlobalSection
	GlobalSection(ExtensibilityGlobals) = postSolution
		SolutionGuid = {4A54825F-86D3-4FA4-AB6F-92EFA1BAC5CE}
	EndGlobalSection
EndGlobal
